
Microsoft Visual Studio Solution File, Format Version 12.00
# Visual Studio Version 17
VisualStudioVersion = 17.11.35327.3
MinimumVisualStudioVersion = 10.0.40219.1
Project("{888888A0-9F3D-457C-B088-3A5042F75D52}") = "DjangoWebProject1", "DjangoWebProject1\DjangoWebProject1.pyproj", "{2E7A12D9-9CBB-41CB-BC99-5A2820415E84}"
EndProject
Global
	GlobalSection(SolutionConfigurationPlatforms) = preSolution
		Debug|Any CPU = Debug|Any CPU
		Release|Any CPU = Release|Any CPU
	EndGlobalSection
	GlobalSection(ProjectConfigurationPlatforms) = postSolution
		{2E7A12D9-9CBB-41CB-BC99-5A2820415E84}.Debug|Any CPU.ActiveCfg = Debug|Any CPU
		{2E7A12D9-9CBB-41CB-BC99-5A2820415E84}.Debug|Any CPU.Build.0 = Debug|Any CPU
		{2E7A12D9-9CBB-41CB-BC99-5A2820415E84}.Release|Any CPU.ActiveCfg = Release|Any CPU
		{2E7A12D9-9CBB-41CB-BC99-5A2820415E84}.Release|Any CPU.Build.0 = Release|Any CPU
	EndGlobalSection
	GlobalSection(SolutionProperties) = preSolution
		HideSolutionNode = FALSE
	EndGlobalSection
	GlobalSection(ExtensibilityGlobals) = postSolution
		SolutionGuid = {E0A0CCA4-2F12-4D9C-B75E-A38D19EC75D3}
	EndGlobalSection
EndGlobal
